
Microsoft Visual Studio Solution File, Format Version 12.00
Project("{FAE04EC0-301F-11D3-BF4B-00C04F79EFBC}") = "RutGeo.UI", "RutGeo.UI\RutGeo.UI.csproj", "{3C5A7172-FD7C-47DC-AFC9-0A0541983FFC}"
EndProject
Project("{FAE04EC0-301F-11D3-BF4B-00C04F79EFBC}") = "RutGeo.Core", "RutGeo.Core\RutGeo.Core.csproj", "{B687F576-61F3-4E92-B09C-B95369057959}"
EndProject
Global
	GlobalSection(SolutionConfigurationPlatforms) = preSolution
		Debug|Any CPU = Debug|Any CPU
		Release|Any CPU = Release|Any CPU
	EndGlobalSection
	GlobalSection(ProjectConfigurationPlatforms) = postSolution
		{3C5A7172-FD7C-47DC-AFC9-0A0541983FFC}.Debug|Any CPU.ActiveCfg = Debug|Any CPU
		{3C5A7172-FD7C-47DC-AFC9-0A0541983FFC}.Debug|Any CPU.Build.0 = Debug|Any CPU
		{3C5A7172-FD7C-47DC-AFC9-0A0541983FFC}.Release|Any CPU.ActiveCfg = Release|Any CPU
		{3C5A7172-FD7C-47DC-AFC9-0A0541983FFC}.Release|Any CPU.Build.0 = Release|Any CPU
		{B687F576-61F3-4E92-B09C-B95369057959}.Debug|Any CPU.ActiveCfg = Debug|Any CPU
		{B687F576-61F3-4E92-B09C-B95369057959}.Debug|Any CPU.Build.0 = Debug|Any CPU
		{B687F576-61F3-4E92-B09C-B95369057959}.Release|Any CPU.ActiveCfg = Release|Any CPU
		{B687F576-61F3-4E92-B09C-B95369057959}.Release|Any CPU.Build.0 = Release|Any CPU
	EndGlobalSection
EndGlobal
